
Microsoft Visual Studio Solution File, Format Version 12.00
# Visual Studio Version 17
VisualStudioVersion = 17.11.35303.130
MinimumVisualStudioVersion = 10.0.40219.1
Project("{FAE04EC0-301F-11D3-BF4B-00C04F79EFBC}") = "BotC Custom ScriptTool", "BotC Custom ScriptTool\BotC Custom ScriptTool.csproj", "{2EB820E9-19EC-4C2C-8F48-FB088197741F}"
EndProject
Global
	GlobalSection(SolutionConfigurationPlatforms) = preSolution
		Debug|Any CPU = Debug|Any CPU
		Release|Any CPU = Release|Any CPU
	EndGlobalSection
	GlobalSection(ProjectConfigurationPlatforms) = postSolution
		{2EB820E9-19EC-4C2C-8F48-FB088197741F}.Debug|Any CPU.ActiveCfg = Debug|Any CPU
		{2EB820E9-19EC-4C2C-8F48-FB088197741F}.Debug|Any CPU.Build.0 = Debug|Any CPU
		{2EB820E9-19EC-4C2C-8F48-FB088197741F}.Release|Any CPU.ActiveCfg = Release|Any CPU
		{2EB820E9-19EC-4C2C-8F48-FB088197741F}.Release|Any CPU.Build.0 = Release|Any CPU
	EndGlobalSection
	GlobalSection(SolutionProperties) = preSolution
		HideSolutionNode = FALSE
	EndGlobalSection
	GlobalSection(ExtensibilityGlobals) = postSolution
		SolutionGuid = {829BA5DD-7C03-43DE-BB97-52C5B0092FE1}
	EndGlobalSection
EndGlobal
